// !$*UTF8*$!
{
	archiveVersion = 1;
	classes = {
	};
	objectVersion = 56;
	objects = {

/* Begin PBXBuildFile section */
		BED09B962B55004900A136E4 /* KidsMathGameApp.swift in Sources */ = {isa = PBXBuildFile; fileRef = BED09B952B55004900A136E4 /* KidsMathGameApp.swift */; };
		BED09B982B55004900A136E4 /* ContentView.swift in Sources */ = {isa = PBXBuildFile; fileRef = BED09B972B55004900A136E4 /* ContentView.swift */; };
		BED09B9A2B55004E00A136E4 /* Assets.xcassets in Resources */ = {isa = PBXBuildFile; fileRef = BED09B992B55004E00A136E4 /* Assets.xcassets */; };
		BED09B9D2B55004E00A136E4 /* Preview Assets.xcassets in Resources */ = {isa = PBXBuildFile; fileRef = BED09B9C2B55004E00A136E4 /* Preview Assets.xcassets */; };
		BED09BA52B55019300A136E4 /* BackgroundView.swift in Sources */ = {isa = PBXBuildFile; fileRef = BED09BA42B55019300A136E4 /* BackgroundView.swift */; };
		BED09BA72B5501D000A136E4 /* Model.swift in Sources */ = {isa = PBXBuildFile; fileRef = BED09BA62B5501D000A136E4 /* Model.swift */; };
		BED09BAA2B5503EB00A136E4 /* Fonts.swift in Sources */ = {isa = PBXBuildFile; fileRef = BED09BA92B5503EB00A136E4 /* Fonts.swift */; };
		BED09BB12B55045900A136E4 /* Poppins-Regular.ttf in Resources */ = {isa = PBXBuildFile; fileRef = BED09BAE2B55045900A136E4 /* Poppins-Regular.ttf */; };
		BED09BB22B55045900A136E4 /* Poppins-Light.ttf in Resources */ = {isa = PBXBuildFile; fileRef = BED09BAF2B55045900A136E4 /* Poppins-Light.ttf */; };
		BED09BB32B55045900A136E4 /* Poppins-Bold.ttf in Resources */ = {isa = PBXBuildFile; fileRef = BED09BB02B55045900A136E4 /* Poppins-Bold.ttf */; };
		BED09BB62B55063E00A136E4 /* Poppins-ExtraBold.ttf in Resources */ = {isa = PBXBuildFile; fileRef = BED09BB52B55063D00A136E4 /* Poppins-ExtraBold.ttf */; };
		BED09BB82B5508D500A136E4 /* Poppins-Thin.ttf in Resources */ = {isa = PBXBuildFile; fileRef = BED09BB72B5508D400A136E4 /* Poppins-Thin.ttf */; };
		BED09BBA2B550AB700A136E4 /* HomeView.swift in Sources */ = {isa = PBXBuildFile; fileRef = BED09BB92B550AB700A136E4 /* HomeView.swift */; };
		BED09BBD2B55115200A136E4 /* CountView.swift in Sources */ = {isa = PBXBuildFile; fileRef = BED09BBC2B55115200A136E4 /* CountView.swift */; };
		BED09BBF2B552C9A00A136E4 /* CountViewModel.swift in Sources */ = {isa = PBXBuildFile; fileRef = BED09BBE2B552C9A00A136E4 /* CountViewModel.swift */; };
		BED09BC12B55322700A136E4 /* ViewModifier.swift in Sources */ = {isa = PBXBuildFile; fileRef = BED09BC02B55322700A136E4 /* ViewModifier.swift */; };
/* End PBXBuildFile section */

/* Begin PBXFileReference section */
		BED09B922B55004900A136E4 /* KidsMathGame.app */ = {isa = PBXFileReference; explicitFileType = wrapper.application; includeInIndex = 0; path = KidsMathGame.app; sourceTree = BUILT_PRODUCTS_DIR; };
		BED09B952B55004900A136E4 /* KidsMathGameApp.swift */ = {isa = PBXFileReference; lastKnownFileType = sourcecode.swift; path = KidsMathGameApp.swift; sourceTree = "<group>"; };
		BED09B972B55004900A136E4 /* ContentView.swift */ = {isa = PBXFileReference; lastKnownFileType = sourcecode.swift; path = ContentView.swift; sourceTree = "<group>"; };
		BED09B992B55004E00A136E4 /* Assets.xcassets */ = {isa = PBXFileReference; lastKnownFileType = folder.assetcatalog; path = Assets.xcassets; sourceTree = "<group>"; };
		BED09B9C2B55004E00A136E4 /* Preview Assets.xcassets */ = {isa = PBXFileReference; lastKnownFileType = folder.assetcatalog; path = "Preview Assets.xcassets"; sourceTree = "<group>"; };
		BED09BA42B55019300A136E4 /* BackgroundView.swift */ = {isa = PBXFileReference; lastKnownFileType = sourcecode.swift; path = BackgroundView.swift; sourceTree = "<group>"; };
		BED09BA62B5501D000A136E4 /* Model.swift */ = {isa = PBXFileReference; lastKnownFileType = sourcecode.swift; path = Model.swift; sourceTree = "<group>"; };
		BED09BA92B5503EB00A136E4 /* Fonts.swift */ = {isa = PBXFileReference; lastKnownFileType = sourcecode.swift; path = Fonts.swift; sourceTree = "<group>"; };
		BED09BAE2B55045900A136E4 /* Poppins-Regular.ttf */ = {isa = PBXFileReference; lastKnownFileType = file; path = "Poppins-Regular.ttf"; sourceTree = "<group>"; };
		BED09BAF2B55045900A136E4 /* Poppins-Light.ttf */ = {isa = PBXFileReference; lastKnownFileType = file; path = "Poppins-Light.ttf"; sourceTree = "<group>"; };
		BED09BB02B55045900A136E4 /* Poppins-Bold.ttf */ = {isa = PBXFileReference; lastKnownFileType = file; path = "Poppins-Bold.ttf"; sourceTree = "<group>"; };
		BED09BB42B55047600A136E4 /* Info.plist */ = {isa = PBXFileReference; lastKnownFileType = text.plist; path = Info.plist; sourceTree = "<group>"; };
		BED09BB52B55063D00A136E4 /* Poppins-ExtraBold.ttf */ = {isa = PBXFileReference; lastKnownFileType = file; path = "Poppins-ExtraBold.ttf"; sourceTree = "<group>"; };
		BED09BB72B5508D400A136E4 /* Poppins-Thin.ttf */ = {isa = PBXFileReference; lastKnownFileType = file; path = "Poppins-Thin.ttf"; sourceTree = "<group>"; };
		BED09BB92B550AB700A136E4 /* HomeView.swift */ = {isa = PBXFileReference; lastKnownFileType = sourcecode.swift; path = HomeView.swift; sourceTree = "<group>"; };
		BED09BBC2B55115200A136E4 /* CountView.swift */ = {isa = PBXFileReference; lastKnownFileType = sourcecode.swift; path = CountView.swift; sourceTree = "<group>"; };
		BED09BBE2B552C9A00A136E4 /* CountViewModel.swift */ = {isa = PBXFileReference; lastKnownFileType = sourcecode.swift; path = CountViewModel.swift; sourceTree = "<group>"; };
		BED09BC02B55322700A136E4 /* ViewModifier.swift */ = {isa = PBXFileReference; lastKnownFileType = sourcecode.swift; path = ViewModifier.swift; sourceTree = "<group>"; };
/* End PBXFileReference section */

/* Begin PBXFrameworksBuildPhase section */
		BED09B8F2B55004900A136E4 /* Frameworks */ = {
			isa = PBXFrameworksBuildPhase;
			buildActionMask = 2147483647;
			files = (
			);
			runOnlyForDeploymentPostprocessing = 0;
		};
/* End PBXFrameworksBuildPhase section */

/* Begin PBXGroup section */
		BED09B892B55004900A136E4 = {
			isa = PBXGroup;
			children = (
				BED09B942B55004900A136E4 /* KidsMathGame */,
				BED09B932B55004900A136E4 /* Products */,
			);
			sourceTree = "<group>";
		};
		BED09B932B55004900A136E4 /* Products */ = {
			isa = PBXGroup;
			children = (
				BED09B922B55004900A136E4 /* KidsMathGame.app */,
			);
			name = Products;
			sourceTree = "<group>";
		};
		BED09B942B55004900A136E4 /* KidsMathGame */ = {
			isa = PBXGroup;
			children = (
				BED09BB42B55047600A136E4 /* Info.plist */,
				BED09B952B55004900A136E4 /* KidsMathGameApp.swift */,
				BED09BA62B5501D000A136E4 /* Model.swift */,
				BED09BC02B55322700A136E4 /* ViewModifier.swift */,
				BED09B972B55004900A136E4 /* ContentView.swift */,
				BED09BA82B5503C400A136E4 /* Fonts */,
				BED09BA32B55016C00A136E4 /* Views */,
				BED09BBB2B55112B00A136E4 /* Count */,
				BED09B992B55004E00A136E4 /* Assets.xcassets */,
				BED09B9B2B55004E00A136E4 /* Preview Content */,
			);
			path = KidsMathGame;
			sourceTree = "<group>";
		};
		BED09B9B2B55004E00A136E4 /* Preview Content */ = {
			isa = PBXGroup;
			children = (
				BED09B9C2B55004E00A136E4 /* Preview Assets.xcassets */,
			);
			path = "Preview Content";
			sourceTree = "<group>";
		};
		BED09BA32B55016C00A136E4 /* Views */ = {
			isa = PBXGroup;
			children = (
				BED09BA42B55019300A136E4 /* BackgroundView.swift */,
				BED09BB92B550AB700A136E4 /* HomeView.swift */,
			);
			path = Views;
			sourceTree = "<group>";
		};
		BED09BA82B5503C400A136E4 /* Fonts */ = {
			isa = PBXGroup;
			children = (
				BED09BB02B55045900A136E4 /* Poppins-Bold.ttf */,
				BED09BAF2B55045900A136E4 /* Poppins-Light.ttf */,
				BED09BAE2B55045900A136E4 /* Poppins-Regular.ttf */,
				BED09BB52B55063D00A136E4 /* Poppins-ExtraBold.ttf */,
				BED09BB72B5508D400A136E4 /* Poppins-Thin.ttf */,
				BED09BA92B5503EB00A136E4 /* Fonts.swift */,
			);
			path = Fonts;
			sourceTree = "<group>";
		};
		BED09BBB2B55112B00A136E4 /* Count */ = {
			isa = PBXGroup;
			children = (
				BED09BBC2B55115200A136E4 /* CountView.swift */,
				BED09BBE2B552C9A00A136E4 /* CountViewModel.swift */,
			);
			path = Count;
			sourceTree = "<group>";
		};
/* End PBXGroup section */

/* Begin PBXNativeTarget section */
		BED09B912B55004900A136E4 /* KidsMathGame */ = {
			isa = PBXNativeTarget;
			buildConfigurationList = BED09BA02B55004E00A136E4 /* Build configuration list for PBXNativeTarget "KidsMathGame" */;
			buildPhases = (
				BED09B8E2B55004900A136E4 /* Sources */,
				BED09B8F2B55004900A136E4 /* Frameworks */,
				BED09B902B55004900A136E4 /* Resources */,
			);
			buildRules = (
			);
			dependencies = (
			);
			name = KidsMathGame;
			productName = KidsMathGame;
			productReference = BED09B922B55004900A136E4 /* KidsMathGame.app */;
			productType = "com.apple.product-type.application";
		};
/* End PBXNativeTarget section */

/* Begin PBXProject section */
		BED09B8A2B55004900A136E4 /* Project object */ = {
			isa = PBXProject;
			attributes = {
				BuildIndependentTargetsInParallel = 1;
				LastSwiftUpdateCheck = 1500;
				LastUpgradeCheck = 1500;
				TargetAttributes = {
					BED09B912B55004900A136E4 = {
						CreatedOnToolsVersion = 15.0.1;
					};
				};
			};
			buildConfigurationList = BED09B8D2B55004900A136E4 /* Build configuration list for PBXProject "KidsMathGame" */;
			compatibilityVersion = "Xcode 14.0";
			developmentRegion = en;
			hasScannedForEncodings = 0;
			knownRegions = (
				en,
				Base,
			);
			mainGroup = BED09B892B55004900A136E4;
			productRefGroup = BED09B932B55004900A136E4 /* Products */;
			projectDirPath = "";
			projectRoot = "";
			targets = (
				BED09B912B55004900A136E4 /* KidsMathGame */,
			);
		};
/* End PBXProject section */

/* Begin PBXResourcesBuildPhase section */
		BED09B902B55004900A136E4 /* Resources */ = {
			isa = PBXResourcesBuildPhase;
			buildActionMask = 2147483647;
			files = (
				BED09BB12B55045900A136E4 /* Poppins-Regular.ttf in Resources */,
				BED09BB82B5508D500A136E4 /* Poppins-Thin.ttf in Resources */,
				BED09B9D2B55004E00A136E4 /* Preview Assets.xcassets in Resources */,
				BED09BB32B55045900A136E4 /* Poppins-Bold.ttf in Resources */,
				BED09B9A2B55004E00A136E4 /* Assets.xcassets in Resources */,
				BED09BB62B55063E00A136E4 /* Poppins-ExtraBold.ttf in Resources */,
				BED09BB22B55045900A136E4 /* Poppins-Light.ttf in Resources */,
			);
			runOnlyForDeploymentPostprocessing = 0;
		};
/* End PBXResourcesBuildPhase section */

/* Begin PBXSourcesBuildPhase section */
		BED09B8E2B55004900A136E4 /* Sources */ = {
			isa = PBXSourcesBuildPhase;
			buildActionMask = 2147483647;
			files = (
				BED09BA52B55019300A136E4 /* BackgroundView.swift in Sources */,
				BED09BC12B55322700A136E4 /* ViewModifier.swift in Sources */,
				BED09BBD2B55115200A136E4 /* CountView.swift in Sources */,
				BED09BAA2B5503EB00A136E4 /* Fonts.swift in Sources */,
				BED09B982B55004900A136E4 /* ContentView.swift in Sources */,
				BED09BBF2B552C9A00A136E4 /* CountViewModel.swift in Sources */,
				BED09BBA2B550AB700A136E4 /* HomeView.swift in Sources */,
				BED09B962B55004900A136E4 /* KidsMathGameApp.swift in Sources */,
				BED09BA72B5501D000A136E4 /* Model.swift in Sources */,
			);
			runOnlyForDeploymentPostprocessing = 0;
		};
/* End PBXSourcesBuildPhase section */

/* Begin XCBuildConfiguration section */
		BED09B9E2B55004E00A136E4 /* Debug */ = {
			isa = XCBuildConfiguration;
			buildSettings = {
				ALWAYS_SEARCH_USER_PATHS = NO;
				ASSETCATALOG_COMPILER_GENERATE_SWIFT_ASSET_SYMBOL_EXTENSIONS = YES;
				CLANG_ANALYZER_NONNULL = YES;
				CLANG_ANALYZER_NUMBER_OBJECT_CONVERSION = YES_AGGRESSIVE;
				CLANG_CXX_LANGUAGE_STANDARD = "gnu++20";
				CLANG_ENABLE_MODULES = YES;
				CLANG_ENABLE_OBJC_ARC = YES;
				CLANG_ENABLE_OBJC_WEAK = YES;
				CLANG_WARN_BLOCK_CAPTURE_AUTORELEASING = YES;
				CLANG_WARN_BOOL_CONVERSION = YES;
				CLANG_WARN_COMMA = YES;
				CLANG_WARN_CONSTANT_CONVERSION = YES;
				CLANG_WARN_DEPRECATED_OBJC_IMPLEMENTATIONS = YES;
				CLANG_WARN_DIRECT_OBJC_ISA_USAGE = YES_ERROR;
				CLANG_WARN_DOCUMENTATION_COMMENTS = YES;
				CLANG_WARN_EMPTY_BODY = YES;
				CLANG_WARN_ENUM_CONVERSION = YES;
				CLANG_WARN_INFINITE_RECURSION = YES;
				CLANG_WARN_INT_CONVERSION = YES;
				CLANG_WARN_NON_LITERAL_NULL_CONVERSION = YES;
				CLANG_WARN_OBJC_IMPLICIT_RETAIN_SELF = YES;
				CLANG_WARN_OBJC_LITERAL_CONVERSION = YES;
				CLANG_WARN_OBJC_ROOT_CLASS = YES_ERROR;
				CLANG_WARN_QUOTED_INCLUDE_IN_FRAMEWORK_HEADER = YES;
				CLANG_WARN_RANGE_LOOP_ANALYSIS = YES;
				CLANG_WARN_STRICT_PROTOTYPES = YES;
				CLANG_WARN_SUSPICIOUS_MOVE = YES;
				CLANG_WARN_UNGUARDED_AVAILABILITY = YES_AGGRESSIVE;
				CLANG_WARN_UNREACHABLE_CODE = YES;
				CLANG_WARN__DUPLICATE_METHOD_MATCH = YES;
				COPY_PHASE_STRIP = NO;
				DEBUG_INFORMATION_FORMAT = dwarf;
				ENABLE_STRICT_OBJC_MSGSEND = YES;
				ENABLE_TESTABILITY = YES;
				ENABLE_USER_SCRIPT_SANDBOXING = YES;
				GCC_C_LANGUAGE_STANDARD = gnu17;
				GCC_DYNAMIC_NO_PIC = NO;
				GCC_NO_COMMON_BLOCKS = YES;
				GCC_OPTIMIZATION_LEVEL = 0;
				GCC_PREPROCESSOR_DEFINITIONS = (
					"DEBUG=1",
					"$(inherited)",
				);
				GCC_WARN_64_TO_32_BIT_CONVERSION = YES;
				GCC_WARN_ABOUT_RETURN_TYPE = YES_ERROR;
				GCC_WARN_UNDECLARED_SELECTOR = YES;
				GCC_WARN_UNINITIALIZED_AUTOS = YES_AGGRESSIVE;
				GCC_WARN_UNUSED_FUNCTION = YES;
				GCC_WARN_UNUSED_VARIABLE = YES;
				IPHONEOS_DEPLOYMENT_TARGET = 14.0;
				LOCALIZATION_PREFERS_STRING_CATALOGS = YES;
				MTL_ENABLE_DEBUG_INFO = INCLUDE_SOURCE;
				MTL_FAST_MATH = YES;
				ONLY_ACTIVE_ARCH = YES;
				SDKROOT = iphoneos;
				SWIFT_ACTIVE_COMPILATION_CONDITIONS = "DEBUG $(inherited)";
				SWIFT_OPTIMIZATION_LEVEL = "-Onone";
			};
			name = Debug;
		};
		BED09B9F2B55004E00A136E4 /* Release */ = {
			isa = XCBuildConfiguration;
			buildSettings = {
				ALWAYS_SEARCH_USER_PATHS = NO;
				ASSETCATALOG_COMPILER_GENERATE_SWIFT_ASSET_SYMBOL_EXTENSIONS = YES;
				CLANG_ANALYZER_NONNULL = YES;
				CLANG_ANALYZER_NUMBER_OBJECT_CONVERSION = YES_AGGRESSIVE;
				CLANG_CXX_LANGUAGE_STANDARD = "gnu++20";
				CLANG_ENABLE_MODULES = YES;
				CLANG_ENABLE_OBJC_ARC = YES;
				CLANG_ENABLE_OBJC_WEAK = YES;
				CLANG_WARN_BLOCK_CAPTURE_AUTORELEASING = YES;
				CLANG_WARN_BOOL_CONVERSION = YES;
				CLANG_WARN_COMMA = YES;
				CLANG_WARN_CONSTANT_CONVERSION = YES;
				CLANG_WARN_DEPRECATED_OBJC_IMPLEMENTATIONS = YES;
				CLANG_WARN_DIRECT_OBJC_ISA_USAGE = YES_ERROR;
				CLANG_WARN_DOCUMENTATION_COMMENTS = YES;
				CLANG_WARN_EMPTY_BODY = YES;
				CLANG_WARN_ENUM_CONVERSION = YES;
				CLANG_WARN_INFINITE_RECURSION = YES;
				CLANG_WARN_INT_CONVERSION = YES;
				CLANG_WARN_NON_LITERAL_NULL_CONVERSION = YES;
				CLANG_WARN_OBJC_IMPLICIT_RETAIN_SELF = YES;
				CLANG_WARN_OBJC_LITERAL_CONVERSION = YES;
				CLANG_WARN_OBJC_ROOT_CLASS = YES_ERROR;
				CLANG_WARN_QUOTED_INCLUDE_IN_FRAMEWORK_HEADER = YES;
				CLANG_WARN_RANGE_LOOP_ANALYSIS = YES;
				CLANG_WARN_STRICT_PROTOTYPES = YES;
				CLANG_WARN_SUSPICIOUS_MOVE = YES;
				CLANG_WARN_UNGUARDED_AVAILABILITY = YES_AGGRESSIVE;
				CLANG_WARN_UNREACHABLE_CODE = YES;
				CLANG_WARN__DUPLICATE_METHOD_MATCH = YES;
				COPY_PHASE_STRIP = NO;
				DEBUG_INFORMATION_FORMAT = "dwarf-with-dsym";
				ENABLE_NS_ASSERTIONS = NO;
				ENABLE_STRICT_OBJC_MSGSEND = YES;
				ENABLE_USER_SCRIPT_SANDBOXING = YES;
				GCC_C_LANGUAGE_STANDARD = gnu17;
				GCC_NO_COMMON_BLOCKS = YES;
				GCC_WARN_64_TO_32_BIT_CONVERSION = YES;
				GCC_WARN_ABOUT_RETURN_TYPE = YES_ERROR;
				GCC_WARN_UNDECLARED_SELECTOR = YES;
				GCC_WARN_UNINITIALIZED_AUTOS = YES_AGGRESSIVE;
				GCC_WARN_UNUSED_FUNCTION = YES;
				GCC_WARN_UNUSED_VARIABLE = YES;
				IPHONEOS_DEPLOYMENT_TARGET = 14.0;
				LOCALIZATION_PREFERS_STRING_CATALOGS = YES;
				MTL_ENABLE_DEBUG_INFO = NO;
				MTL_FAST_MATH = YES;
				SDKROOT = iphoneos;
				SWIFT_COMPILATION_MODE = wholemodule;
				VALIDATE_PRODUCT = YES;
			};
			name = Release;
		};
		BED09BA12B55004E00A136E4 /* Debug */ = {
			isa = XCBuildConfiguration;
			buildSettings = {
				ASSETCATALOG_COMPILER_APPICON_NAME = AppIcon;
				ASSETCATALOG_COMPILER_GLOBAL_ACCENT_COLOR_NAME = AccentColor;
				CODE_SIGN_STYLE = Automatic;
				CURRENT_PROJECT_VERSION = 1;
				DEVELOPMENT_ASSET_PATHS = "\"KidsMathGame/Preview Content\"";
				ENABLE_PREVIEWS = YES;
				GENERATE_INFOPLIST_FILE = YES;
				INFOPLIST_FILE = KidsMathGame/Info.plist;
				INFOPLIST_KEY_UIApplicationSceneManifest_Generation = YES;
				INFOPLIST_KEY_UIApplicationSupportsIndirectInputEvents = YES;
				INFOPLIST_KEY_UILaunchScreen_Generation = YES;
				INFOPLIST_KEY_UISupportedInterfaceOrientations = UIInterfaceOrientationPortrait;
				INFOPLIST_KEY_UISupportedInterfaceOrientations_iPad = "UIInterfaceOrientationLandscapeLeft UIInterfaceOrientationLandscapeRight UIInterfaceOrientationPortrait UIInterfaceOrientationPortraitUpsideDown";
				IPHONEOS_DEPLOYMENT_TARGET = 14.0;
				LD_RUNPATH_SEARCH_PATHS = (
					"$(inherited)",
					"@executable_path/Frameworks",
				);
				MARKETING_VERSION = 1.0;
				PRODUCT_BUNDLE_IDENTIFIER = com.KidsMathGame;
				PRODUCT_NAME = "$(TARGET_NAME)";
				SUPPORTED_PLATFORMS = "iphoneos iphonesimulator";
				SUPPORTS_MACCATALYST = NO;
				SUPPORTS_MAC_DESIGNED_FOR_IPHONE_IPAD = NO;
				SWIFT_EMIT_LOC_STRINGS = YES;
				SWIFT_VERSION = 5.0;
				TARGETED_DEVICE_FAMILY = 1;
			};
			name = Debug;
		};
		BED09BA22B55004E00A136E4 /* Release */ = {
			isa = XCBuildConfiguration;
			buildSettings = {
				ASSETCATALOG_COMPILER_APPICON_NAME = AppIcon;
				ASSETCATALOG_COMPILER_GLOBAL_ACCENT_COLOR_NAME = AccentColor;
				CODE_SIGN_STYLE = Automatic;
				CURRENT_PROJECT_VERSION = 1;
				DEVELOPMENT_ASSET_PATHS = "\"KidsMathGame/Preview Content\"";
				ENABLE_PREVIEWS = YES;
				GENERATE_INFOPLIST_FILE = YES;
				INFOPLIST_FILE = KidsMathGame/Info.plist;
				INFOPLIST_KEY_UIApplicationSceneManifest_Generation = YES;
				INFOPLIST_KEY_UIApplicationSupportsIndirectInputEvents = YES;
				INFOPLIST_KEY_UILaunchScreen_Generation = YES;
				INFOPLIST_KEY_UISupportedInterfaceOrientations = UIInterfaceOrientationPortrait;
				INFOPLIST_KEY_UISupportedInterfaceOrientations_iPad = "UIInterfaceOrientationLandscapeLeft UIInterfaceOrientationLandscapeRight UIInterfaceOrientationPortrait UIInterfaceOrientationPortraitUpsideDown";
				IPHONEOS_DEPLOYMENT_TARGET = 14.0;
				LD_RUNPATH_SEARCH_PATHS = (
					"$(inherited)",
					"@executable_path/Frameworks",
				);
				MARKETING_VERSION = 1.0;
				PRODUCT_BUNDLE_IDENTIFIER = com.KidsMathGame;
				PRODUCT_NAME = "$(TARGET_NAME)";
				SUPPORTED_PLATFORMS = "iphoneos iphonesimulator";
				SUPPORTS_MACCATALYST = NO;
				SUPPORTS_MAC_DESIGNED_FOR_IPHONE_IPAD = NO;
				SWIFT_EMIT_LOC_STRINGS = YES;
				SWIFT_VERSION = 5.0;
				TARGETED_DEVICE_FAMILY = 1;
			};
			name = Release;
		};
/* End XCBuildConfiguration section */

/* Begin XCConfigurationList section */
		BED09B8D2B55004900A136E4 /* Build configuration list for PBXProject "KidsMathGame" */ = {
			isa = XCConfigurationList;
			buildConfigurations = (
				BED09B9E2B55004E00A136E4 /* Debug */,
				BED09B9F2B55004E00A136E4 /* Release */,
			);
			defaultConfigurationIsVisible = 0;
			defaultConfigurationName = Release;
		};
		BED09BA02B55004E00A136E4 /* Build configuration list for PBXNativeTarget "KidsMathGame" */ = {
			isa = XCConfigurationList;
			buildConfigurations = (
				BED09BA12B55004E00A136E4 /* Debug */,
				BED09BA22B55004E00A136E4 /* Release */,
			);
			defaultConfigurationIsVisible = 0;
			defaultConfigurationName = Release;
		};
/* End XCConfigurationList section */
	};
	rootObject = BED09B8A2B55004900A136E4 /* Project object */;
}
